
Microsoft Visual Studio Solution File, Format Version 12.00
# Visual Studio Version 16
VisualStudioVersion = 16.0.31129.286
MinimumVisualStudioVersion = 10.0.40219.1
Project("{FAE04EC0-301F-11D3-BF4B-00C04F79EFBC}") = "api_videojuegos", "api_videojuegos\api_videojuegos.csproj", "{811394C6-056B-4BAC-9AE0-8D968E8C0E0E}"
EndProject
Project("{FAE04EC0-301F-11D3-BF4B-00C04F79EFBC}") = "web_videojuegos", "web_videojuegos\web_videojuegos.csproj", "{5FEF462C-C6CC-40F0-A568-EDDA5E9AB5EC}"
EndProject
Global
	GlobalSection(SolutionConfigurationPlatforms) = preSolution
		Debug|Any CPU = Debug|Any CPU
		Release|Any CPU = Release|Any CPU
	EndGlobalSection
	GlobalSection(ProjectConfigurationPlatforms) = postSolution
		{811394C6-056B-4BAC-9AE0-8D968E8C0E0E}.Debug|Any CPU.ActiveCfg = Debug|Any CPU
		{811394C6-056B-4BAC-9AE0-8D968E8C0E0E}.Debug|Any CPU.Build.0 = Debug|Any CPU
		{811394C6-056B-4BAC-9AE0-8D968E8C0E0E}.Release|Any CPU.ActiveCfg = Release|Any CPU
		{811394C6-056B-4BAC-9AE0-8D968E8C0E0E}.Release|Any CPU.Build.0 = Release|Any CPU
		{5FEF462C-C6CC-40F0-A568-EDDA5E9AB5EC}.Debug|Any CPU.ActiveCfg = Debug|Any CPU
		{5FEF462C-C6CC-40F0-A568-EDDA5E9AB5EC}.Debug|Any CPU.Build.0 = Debug|Any CPU
		{5FEF462C-C6CC-40F0-A568-EDDA5E9AB5EC}.Release|Any CPU.ActiveCfg = Release|Any CPU
		{5FEF462C-C6CC-40F0-A568-EDDA5E9AB5EC}.Release|Any CPU.Build.0 = Release|Any CPU
	EndGlobalSection
	GlobalSection(SolutionProperties) = preSolution
		HideSolutionNode = FALSE
	EndGlobalSection
	GlobalSection(ExtensibilityGlobals) = postSolution
		SolutionGuid = {C9D64BC1-5F5B-40B0-BDFB-084980E7CF5C}
	EndGlobalSection
EndGlobal
